{
  "name": "imas.loc",
  "lockfileVersion": 3,
  "requires": true,
  "packages": {
    "": {
      "dependencies": {
        "highcharts": "^11.4.8",
        "wordcloud": "^1.2.3"
      }
    },
    "node_modules/highcharts": {
      "version": "11.4.8",
      "resolved": "https://registry.npmjs.org/highcharts/-/highcharts-11.4.8.tgz",
      "integrity": "sha512-5Tke9LuzZszC4osaFisxLIcw7xgNGz4Sy3Jc9pRMV+ydm6sYqsPYdU8ELOgpzGNrbrRNDRBtveoR5xS3SzneEA=="
    },
    "node_modules/wordcloud": {
      "version": "1.2.3",
      "resolved": "https://registry.npmjs.org/wordcloud/-/wordcloud-1.2.3.tgz",
      "integrity": "sha512-9by77b7Sd9e1K75kSmVeAD+JnGpiLR1Z4EX1mYQL91jKrU1/4bHw4h4DExQ+dzfT+PvihDcH7OS7V4Y5UkbF2w=="
    }
  }
}
